
Microsoft Visual Studio Solution File, Format Version 12.00
# Visual Studio Version 16
VisualStudioVersion = 16.0.31613.86
MinimumVisualStudioVersion = 10.0.40219.1
Project("{2150E333-8FDC-42A3-9474-1A3956D46DE8}") = "Services", "Services", "{7585A836-A02D-428E-AA59-810C85193EAF}"
EndProject
Project("{2150E333-8FDC-42A3-9474-1A3956D46DE8}") = "Catalog", "Catalog", "{F62A8A3F-293C-4137-8032-CF93D0230A22}"
EndProject
Project("{FAE04EC0-301F-11D3-BF4B-00C04F79EFBC}") = "Catalog.API", "Services\Catalog\Catalog.API\Catalog.API.csproj", "{7E847F43-446E-4A23-BA8D-6902145FAB5D}"
EndProject
Global
	GlobalSection(SolutionConfigurationPlatforms) = preSolution
		Debug|Any CPU = Debug|Any CPU
		Release|Any CPU = Release|Any CPU
	EndGlobalSection
	GlobalSection(ProjectConfigurationPlatforms) = postSolution
		{7E847F43-446E-4A23-BA8D-6902145FAB5D}.Debug|Any CPU.ActiveCfg = Debug|Any CPU
		{7E847F43-446E-4A23-BA8D-6902145FAB5D}.Debug|Any CPU.Build.0 = Debug|Any CPU
		{7E847F43-446E-4A23-BA8D-6902145FAB5D}.Release|Any CPU.ActiveCfg = Release|Any CPU
		{7E847F43-446E-4A23-BA8D-6902145FAB5D}.Release|Any CPU.Build.0 = Release|Any CPU
	EndGlobalSection
	GlobalSection(SolutionProperties) = preSolution
		HideSolutionNode = FALSE
	EndGlobalSection
	GlobalSection(NestedProjects) = preSolution
		{F62A8A3F-293C-4137-8032-CF93D0230A22} = {7585A836-A02D-428E-AA59-810C85193EAF}
		{7E847F43-446E-4A23-BA8D-6902145FAB5D} = {F62A8A3F-293C-4137-8032-CF93D0230A22}
	EndGlobalSection
	GlobalSection(ExtensibilityGlobals) = postSolution
		SolutionGuid = {BDB1FA98-46CA-4F61-B0CB-E37932C9E2A6}
	EndGlobalSection
EndGlobal
